// !$*UTF8*$!
{
	archiveVersion = 1;
	classes = {
	};
	objectVersion = 56;
	objects = {

/* Begin PBXBuildFile section */
		FC0200672DFD5EA1002FB13F /* WaveformView.swift in Sources */ = {isa = PBXBuildFile; fileRef = FC0200662DFD5EA1002FB13F /* WaveformView.swift */; };
		FC0200692DFD5F90002FB13F /* AudioRecorder.swift in Sources */ = {isa = PBXBuildFile; fileRef = FC0200682DFD5F90002FB13F /* AudioRecorder.swift */; };
		FC02006E2DFD6722002FB13F /* FirebaseAuth in Frameworks */ = {isa = PBXBuildFile; productRef = FC02006D2DFD6722002FB13F /* FirebaseAuth */; };
		FC0200702DFD6722002FB13F /* FirebaseFirestore in Frameworks */ = {isa = PBXBuildFile; productRef = FC02006F2DFD6722002FB13F /* FirebaseFirestore */; };
		FC0200722DFD6722002FB13F /* FirebaseStorage in Frameworks */ = {isa = PBXBuildFile; productRef = FC0200712DFD6722002FB13F /* FirebaseStorage */; };
		FC53CEF32DFC08BE00D0BFD3 /* voiceNoteApp.swift in Sources */ = {isa = PBXBuildFile; fileRef = FC53CEF22DFC08BE00D0BFD3 /* voiceNoteApp.swift */; };
		FC53CEF52DFC08BE00D0BFD3 /* ContentView.swift in Sources */ = {isa = PBXBuildFile; fileRef = FC53CEF42DFC08BE00D0BFD3 /* ContentView.swift */; };
		FC53CEF72DFC08C100D0BFD3 /* Assets.xcassets in Resources */ = {isa = PBXBuildFile; fileRef = FC53CEF62DFC08C100D0BFD3 /* Assets.xcassets */; };
		FC53CEFA2DFC08C100D0BFD3 /* Preview Assets.xcassets in Resources */ = {isa = PBXBuildFile; fileRef = FC53CEF92DFC08C100D0BFD3 /* Preview Assets.xcassets */; };
		FC53CF122DFC0C2F00D0BFD3 /* DetailView.swift in Sources */ = {isa = PBXBuildFile; fileRef = FC53CF112DFC0C2F00D0BFD3 /* DetailView.swift */; };
		FC53CF142DFC0C4300D0BFD3 /* RecordView.swift in Sources */ = {isa = PBXBuildFile; fileRef = FC53CF132DFC0C4300D0BFD3 /* RecordView.swift */; };
		FC53CF162DFC0C4E00D0BFD3 /* HomeView.swift in Sources */ = {isa = PBXBuildFile; fileRef = FC53CF152DFC0C4E00D0BFD3 /* HomeView.swift */; };
		FC53CF182DFC0C5900D0BFD3 /* SignupView.swift in Sources */ = {isa = PBXBuildFile; fileRef = FC53CF172DFC0C5900D0BFD3 /* SignupView.swift */; };
		FC53CF1A2DFC0C6200D0BFD3 /* LoginView.swift in Sources */ = {isa = PBXBuildFile; fileRef = FC53CF192DFC0C6200D0BFD3 /* LoginView.swift */; };
		FC53CF1D2DFC0C9F00D0BFD3 /* DetailViewModel.swift in Sources */ = {isa = PBXBuildFile; fileRef = FC53CF1C2DFC0C9F00D0BFD3 /* DetailViewModel.swift */; };
		FC53CF1F2DFC0CAB00D0BFD3 /* RecordViewModel.swift in Sources */ = {isa = PBXBuildFile; fileRef = FC53CF1E2DFC0CAB00D0BFD3 /* RecordViewModel.swift */; };
		FC53CF212DFC0CC300D0BFD3 /* LoginViewModel.swift in Sources */ = {isa = PBXBuildFile; fileRef = FC53CF202DFC0CC300D0BFD3 /* LoginViewModel.swift */; };
		FC53CF232DFC0CE000D0BFD3 /* HomeViewModel.swift in Sources */ = {isa = PBXBuildFile; fileRef = FC53CF222DFC0CE000D0BFD3 /* HomeViewModel.swift */; };
		FC53CF252DFC0D3700D0BFD3 /* SignupViewModel.swift in Sources */ = {isa = PBXBuildFile; fileRef = FC53CF242DFC0D3700D0BFD3 /* SignupViewModel.swift */; };
		FC53CF282DFC0D5E00D0BFD3 /* AuthService.swift in Sources */ = {isa = PBXBuildFile; fileRef = FC53CF272DFC0D5E00D0BFD3 /* AuthService.swift */; };
		FC53CF2A2DFC0D6D00D0BFD3 /* FirestoreService.swift in Sources */ = {isa = PBXBuildFile; fileRef = FC53CF292DFC0D6D00D0BFD3 /* FirestoreService.swift */; };
		FC53CF2C2DFC0D7E00D0BFD3 /* StorageService.swift in Sources */ = {isa = PBXBuildFile; fileRef = FC53CF2B2DFC0D7E00D0BFD3 /* StorageService.swift */; };
		FC53CF2E2DFC0D8F00D0BFD3 /* HuggingFaceService.swift in Sources */ = {isa = PBXBuildFile; fileRef = FC53CF2D2DFC0D8F00D0BFD3 /* HuggingFaceService.swift */; };
		FC53CF302DFC0DC800D0BFD3 /* STTService.swift in Sources */ = {isa = PBXBuildFile; fileRef = FC53CF2F2DFC0DC800D0BFD3 /* STTService.swift */; };
		FC53CF332DFC0DE500D0BFD3 /* Memo.swift in Sources */ = {isa = PBXBuildFile; fileRef = FC53CF322DFC0DE500D0BFD3 /* Memo.swift */; };
		FC53CF352DFC0DEE00D0BFD3 /* User.swift in Sources */ = {isa = PBXBuildFile; fileRef = FC53CF342DFC0DEE00D0BFD3 /* User.swift */; };
		FC53CF392DFC0E8E00D0BFD3 /* AppDelegate.swift in Sources */ = {isa = PBXBuildFile; fileRef = FC53CF382DFC0E8E00D0BFD3 /* AppDelegate.swift */; };
		FC53CF3B2DFC0E9A00D0BFD3 /* SceneDelegate.swift in Sources */ = {isa = PBXBuildFile; fileRef = FC53CF3A2DFC0E9A00D0BFD3 /* SceneDelegate.swift */; };
		FC53CF3D2DFC0EA900D0BFD3 /* FirebaseManager.swift in Sources */ = {isa = PBXBuildFile; fileRef = FC53CF3C2DFC0EA900D0BFD3 /* FirebaseManager.swift */; };
		FCA1466E2DFC5FDB00B249CB /* TabBar.swift in Sources */ = {isa = PBXBuildFile; fileRef = FCA1466D2DFC5FDB00B249CB /* TabBar.swift */; };
		FCA146702DFC606D00B249CB /* Tab.swift in Sources */ = {isa = PBXBuildFile; fileRef = FCA1466F2DFC606D00B249CB /* Tab.swift */; };
		FCA176FA2E02D9E000D70FF5 /* GoogleService-Info.plist in Resources */ = {isa = PBXBuildFile; fileRef = FC662C7B2DFECB44008C06D1 /* GoogleService-Info.plist */; };
/* End PBXBuildFile section */

/* Begin PBXFileReference section */
		FC0200662DFD5EA1002FB13F /* WaveformView.swift */ = {isa = PBXFileReference; lastKnownFileType = sourcecode.swift; path = WaveformView.swift; sourceTree = "<group>"; };
		FC0200682DFD5F90002FB13F /* AudioRecorder.swift */ = {isa = PBXFileReference; lastKnownFileType = sourcecode.swift; path = AudioRecorder.swift; sourceTree = "<group>"; };
		FC53CEEF2DFC08BE00D0BFD3 /* voiceNote.app */ = {isa = PBXFileReference; explicitFileType = wrapper.application; includeInIndex = 0; path = voiceNote.app; sourceTree = BUILT_PRODUCTS_DIR; };
		FC53CEF22DFC08BE00D0BFD3 /* voiceNoteApp.swift */ = {isa = PBXFileReference; lastKnownFileType = sourcecode.swift; path = voiceNoteApp.swift; sourceTree = "<group>"; };
		FC53CEF42DFC08BE00D0BFD3 /* ContentView.swift */ = {isa = PBXFileReference; lastKnownFileType = sourcecode.swift; path = ContentView.swift; sourceTree = "<group>"; };
		FC53CEF62DFC08C100D0BFD3 /* Assets.xcassets */ = {isa = PBXFileReference; lastKnownFileType = folder.assetcatalog; path = Assets.xcassets; sourceTree = "<group>"; };
		FC53CEF92DFC08C100D0BFD3 /* Preview Assets.xcassets */ = {isa = PBXFileReference; lastKnownFileType = folder.assetcatalog; path = "Preview Assets.xcassets"; sourceTree = "<group>"; };
		FC53CF112DFC0C2F00D0BFD3 /* DetailView.swift */ = {isa = PBXFileReference; lastKnownFileType = sourcecode.swift; path = DetailView.swift; sourceTree = "<group>"; };
		FC53CF132DFC0C4300D0BFD3 /* RecordView.swift */ = {isa = PBXFileReference; lastKnownFileType = sourcecode.swift; path = RecordView.swift; sourceTree = "<group>"; };
		FC53CF152DFC0C4E00D0BFD3 /* HomeView.swift */ = {isa = PBXFileReference; lastKnownFileType = sourcecode.swift; path = HomeView.swift; sourceTree = "<group>"; };
		FC53CF172DFC0C5900D0BFD3 /* SignupView.swift */ = {isa = PBXFileReference; lastKnownFileType = sourcecode.swift; path = SignupView.swift; sourceTree = "<group>"; };
		FC53CF192DFC0C6200D0BFD3 /* LoginView.swift */ = {isa = PBXFileReference; lastKnownFileType = sourcecode.swift; path = LoginView.swift; sourceTree = "<group>"; };
		FC53CF1C2DFC0C9F00D0BFD3 /* DetailViewModel.swift */ = {isa = PBXFileReference; lastKnownFileType = sourcecode.swift; path = DetailViewModel.swift; sourceTree = "<group>"; };
		FC53CF1E2DFC0CAB00D0BFD3 /* RecordViewModel.swift */ = {isa = PBXFileReference; lastKnownFileType = sourcecode.swift; path = RecordViewModel.swift; sourceTree = "<group>"; };
		FC53CF202DFC0CC300D0BFD3 /* LoginViewModel.swift */ = {isa = PBXFileReference; lastKnownFileType = sourcecode.swift; path = LoginViewModel.swift; sourceTree = "<group>"; };
		FC53CF222DFC0CE000D0BFD3 /* HomeViewModel.swift */ = {isa = PBXFileReference; lastKnownFileType = sourcecode.swift; path = HomeViewModel.swift; sourceTree = "<group>"; };
		FC53CF242DFC0D3700D0BFD3 /* SignupViewModel.swift */ = {isa = PBXFileReference; lastKnownFileType = sourcecode.swift; path = SignupViewModel.swift; sourceTree = "<group>"; };
		FC53CF272DFC0D5E00D0BFD3 /* AuthService.swift */ = {isa = PBXFileReference; lastKnownFileType = sourcecode.swift; path = AuthService.swift; sourceTree = "<group>"; };
		FC53CF292DFC0D6D00D0BFD3 /* FirestoreService.swift */ = {isa = PBXFileReference; lastKnownFileType = sourcecode.swift; path = FirestoreService.swift; sourceTree = "<group>"; };
		FC53CF2B2DFC0D7E00D0BFD3 /* StorageService.swift */ = {isa = PBXFileReference; lastKnownFileType = sourcecode.swift; path = StorageService.swift; sourceTree = "<group>"; };
		FC53CF2D2DFC0D8F00D0BFD3 /* HuggingFaceService.swift */ = {isa = PBXFileReference; lastKnownFileType = sourcecode.swift; path = HuggingFaceService.swift; sourceTree = "<group>"; };
		FC53CF2F2DFC0DC800D0BFD3 /* STTService.swift */ = {isa = PBXFileReference; lastKnownFileType = sourcecode.swift; path = STTService.swift; sourceTree = "<group>"; };
		FC53CF322DFC0DE500D0BFD3 /* Memo.swift */ = {isa = PBXFileReference; lastKnownFileType = sourcecode.swift; path = Memo.swift; sourceTree = "<group>"; };
		FC53CF342DFC0DEE00D0BFD3 /* User.swift */ = {isa = PBXFileReference; lastKnownFileType = sourcecode.swift; path = User.swift; sourceTree = "<group>"; };
		FC53CF382DFC0E8E00D0BFD3 /* AppDelegate.swift */ = {isa = PBXFileReference; lastKnownFileType = sourcecode.swift; path = AppDelegate.swift; sourceTree = "<group>"; };
		FC53CF3A2DFC0E9A00D0BFD3 /* SceneDelegate.swift */ = {isa = PBXFileReference; lastKnownFileType = sourcecode.swift; path = SceneDelegate.swift; sourceTree = "<group>"; };
		FC53CF3C2DFC0EA900D0BFD3 /* FirebaseManager.swift */ = {isa = PBXFileReference; lastKnownFileType = sourcecode.swift; path = FirebaseManager.swift; sourceTree = "<group>"; };
		FC662C7A2DFECB44008C06D1 /* Info.plist */ = {isa = PBXFileReference; fileEncoding = 4; lastKnownFileType = text.plist.xml; name = Info.plist; path = voiceNote/Info.plist; sourceTree = SOURCE_ROOT; };
		FC662C7B2DFECB44008C06D1 /* GoogleService-Info.plist */ = {isa = PBXFileReference; fileEncoding = 4; lastKnownFileType = text.plist.xml; name = "GoogleService-Info.plist"; path = "voiceNote/GoogleService-Info.plist"; sourceTree = SOURCE_ROOT; };
		FCA1466D2DFC5FDB00B249CB /* TabBar.swift */ = {isa = PBXFileReference; lastKnownFileType = sourcecode.swift; path = TabBar.swift; sourceTree = "<group>"; };
		FCA1466F2DFC606D00B249CB /* Tab.swift */ = {isa = PBXFileReference; lastKnownFileType = sourcecode.swift; path = Tab.swift; sourceTree = "<group>"; };
/* End PBXFileReference section */

/* Begin PBXFrameworksBuildPhase section */
		FC53CEEC2DFC08BE00D0BFD3 /* Frameworks */ = {
			isa = PBXFrameworksBuildPhase;
			buildActionMask = 2147483647;
			files = (
				FC02006E2DFD6722002FB13F /* FirebaseAuth in Frameworks */,
				FC0200702DFD6722002FB13F /* FirebaseFirestore in Frameworks */,
				FC0200722DFD6722002FB13F /* FirebaseStorage in Frameworks */,
			);
			runOnlyForDeploymentPostprocessing = 0;
		};
/* End PBXFrameworksBuildPhase section */

/* Begin PBXGroup section */
		FC53CEE62DFC08BE00D0BFD3 = {
			isa = PBXGroup;
			children = (
				FC53CEF12DFC08BE00D0BFD3 /* voiceNote */,
				FC53CEF02DFC08BE00D0BFD3 /* Products */,
			);
			sourceTree = "<group>";
		};
		FC53CEF02DFC08BE00D0BFD3 /* Products */ = {
			isa = PBXGroup;
			children = (
				FC53CEEF2DFC08BE00D0BFD3 /* voiceNote.app */,
			);
			name = Products;
			sourceTree = "<group>";
		};
		FC53CEF12DFC08BE00D0BFD3 /* voiceNote */ = {
			isa = PBXGroup;
			children = (
				FC662C7B2DFECB44008C06D1 /* GoogleService-Info.plist */,
				FC662C7A2DFECB44008C06D1 /* Info.plist */,
				FC53CF372DFC0E7D00D0BFD3 /* App */,
				FC53CF362DFC0DF500D0BFD3 /* Resources */,
				FC53CF312DFC0DD100D0BFD3 /* Models */,
				FC53CF262DFC0D4B00D0BFD3 /* Services */,
				FC53CF1B2DFC0C8C00D0BFD3 /* ViewModels */,
				FC53CF0C2DFC0BF800D0BFD3 /* Views */,
				FC53CF0B2DFC0BF100D0BFD3 /* Utils */,
				FC53CF0A2DFC0BE700D0BFD3 /* Components */,
				FC53CEF22DFC08BE00D0BFD3 /* voiceNoteApp.swift */,
				FC53CEF42DFC08BE00D0BFD3 /* ContentView.swift */,
				FC53CEF82DFC08C100D0BFD3 /* Preview Content */,
			);
			path = voiceNote;
			sourceTree = "<group>";
		};
		FC53CEF82DFC08C100D0BFD3 /* Preview Content */ = {
			isa = PBXGroup;
			children = (
				FC53CEF92DFC08C100D0BFD3 /* Preview Assets.xcassets */,
			);
			path = "Preview Content";
			sourceTree = "<group>";
		};
		FC53CF0A2DFC0BE700D0BFD3 /* Components */ = {
			isa = PBXGroup;
			children = (
				FCA1466D2DFC5FDB00B249CB /* TabBar.swift */,
				FCA1466F2DFC606D00B249CB /* Tab.swift */,
				FC0200662DFD5EA1002FB13F /* WaveformView.swift */,
			);
			path = Components;
			sourceTree = "<group>";
		};
		FC53CF0B2DFC0BF100D0BFD3 /* Utils */ = {
			isa = PBXGroup;
			children = (
			);
			path = Utils;
			sourceTree = "<group>";
		};
		FC53CF0C2DFC0BF800D0BFD3 /* Views */ = {
			isa = PBXGroup;
			children = (
				FC53CF102DFC0C1A00D0BFD3 /* Auth */,
				FC53CF0F2DFC0C1500D0BFD3 /* Home */,
				FC53CF0E2DFC0C0E00D0BFD3 /* Record */,
				FC53CF0D2DFC0C0600D0BFD3 /* Detail */,
			);
			path = Views;
			sourceTree = "<group>";
		};
		FC53CF0D2DFC0C0600D0BFD3 /* Detail */ = {
			isa = PBXGroup;
			children = (
				FC53CF112DFC0C2F00D0BFD3 /* DetailView.swift */,
			);
			path = Detail;
			sourceTree = "<group>";
		};
		FC53CF0E2DFC0C0E00D0BFD3 /* Record */ = {
			isa = PBXGroup;
			children = (
				FC53CF132DFC0C4300D0BFD3 /* RecordView.swift */,
			);
			path = Record;
			sourceTree = "<group>";
		};
		FC53CF0F2DFC0C1500D0BFD3 /* Home */ = {
			isa = PBXGroup;
			children = (
				FC53CF152DFC0C4E00D0BFD3 /* HomeView.swift */,
			);
			path = Home;
			sourceTree = "<group>";
		};
		FC53CF102DFC0C1A00D0BFD3 /* Auth */ = {
			isa = PBXGroup;
			children = (
				FC53CF192DFC0C6200D0BFD3 /* LoginView.swift */,
				FC53CF172DFC0C5900D0BFD3 /* SignupView.swift */,
			);
			path = Auth;
			sourceTree = "<group>";
		};
		FC53CF1B2DFC0C8C00D0BFD3 /* ViewModels */ = {
			isa = PBXGroup;
			children = (
				FC53CF202DFC0CC300D0BFD3 /* LoginViewModel.swift */,
				FC53CF242DFC0D3700D0BFD3 /* SignupViewModel.swift */,
				FC53CF222DFC0CE000D0BFD3 /* HomeViewModel.swift */,
				FC53CF1E2DFC0CAB00D0BFD3 /* RecordViewModel.swift */,
				FC53CF1C2DFC0C9F00D0BFD3 /* DetailViewModel.swift */,
			);
			path = ViewModels;
			sourceTree = "<group>";
		};
		FC53CF262DFC0D4B00D0BFD3 /* Services */ = {
			isa = PBXGroup;
			children = (
				FC53CF272DFC0D5E00D0BFD3 /* AuthService.swift */,
				FC53CF292DFC0D6D00D0BFD3 /* FirestoreService.swift */,
				FC53CF2B2DFC0D7E00D0BFD3 /* StorageService.swift */,
				FC0200682DFD5F90002FB13F /* AudioRecorder.swift */,
				FC53CF2D2DFC0D8F00D0BFD3 /* HuggingFaceService.swift */,
				FC53CF2F2DFC0DC800D0BFD3 /* STTService.swift */,
			);
			path = Services;
			sourceTree = "<group>";
		};
		FC53CF312DFC0DD100D0BFD3 /* Models */ = {
			isa = PBXGroup;
			children = (
				FC53CF322DFC0DE500D0BFD3 /* Memo.swift */,
				FC53CF342DFC0DEE00D0BFD3 /* User.swift */,
			);
			path = Models;
			sourceTree = "<group>";
		};
		FC53CF362DFC0DF500D0BFD3 /* Resources */ = {
			isa = PBXGroup;
			children = (
				FC53CEF62DFC08C100D0BFD3 /* Assets.xcassets */,
			);
			path = Resources;
			sourceTree = "<group>";
		};
		FC53CF372DFC0E7D00D0BFD3 /* App */ = {
			isa = PBXGroup;
			children = (
				FC53CF382DFC0E8E00D0BFD3 /* AppDelegate.swift */,
				FC53CF3A2DFC0E9A00D0BFD3 /* SceneDelegate.swift */,
				FC53CF3C2DFC0EA900D0BFD3 /* FirebaseManager.swift */,
			);
			path = App;
			sourceTree = "<group>";
		};
/* End PBXGroup section */

/* Begin PBXNativeTarget section */
		FC53CEEE2DFC08BE00D0BFD3 /* voiceNote */ = {
			isa = PBXNativeTarget;
			buildConfigurationList = FC53CEFD2DFC08C100D0BFD3 /* Build configuration list for PBXNativeTarget "voiceNote" */;
			buildPhases = (
				FC53CEEB2DFC08BE00D0BFD3 /* Sources */,
				FC53CEEC2DFC08BE00D0BFD3 /* Frameworks */,
				FC53CEED2DFC08BE00D0BFD3 /* Resources */,
			);
			buildRules = (
			);
			dependencies = (
			);
			name = voiceNote;
			packageProductDependencies = (
				FC02006D2DFD6722002FB13F /* FirebaseAuth */,
				FC02006F2DFD6722002FB13F /* FirebaseFirestore */,
				FC0200712DFD6722002FB13F /* FirebaseStorage */,
			);
			productName = voiceNote;
			productReference = FC53CEEF2DFC08BE00D0BFD3 /* voiceNote.app */;
			productType = "com.apple.product-type.application";
		};
/* End PBXNativeTarget section */

/* Begin PBXProject section */
		FC53CEE72DFC08BE00D0BFD3 /* Project object */ = {
			isa = PBXProject;
			attributes = {
				BuildIndependentTargetsInParallel = 1;
				LastSwiftUpdateCheck = 1540;
				LastUpgradeCheck = 1540;
				TargetAttributes = {
					FC53CEEE2DFC08BE00D0BFD3 = {
						CreatedOnToolsVersion = 15.4;
					};
				};
			};
			buildConfigurationList = FC53CEEA2DFC08BE00D0BFD3 /* Build configuration list for PBXProject "voiceNote" */;
			compatibilityVersion = "Xcode 14.0";
			developmentRegion = en;
			hasScannedForEncodings = 0;
			knownRegions = (
				en,
				Base,
			);
			mainGroup = FC53CEE62DFC08BE00D0BFD3;
			packageReferences = (
				FC02006C2DFD6722002FB13F /* XCRemoteSwiftPackageReference "firebase-ios-sdk" */,
			);
			productRefGroup = FC53CEF02DFC08BE00D0BFD3 /* Products */;
			projectDirPath = "";
			projectRoot = "";
			targets = (
				FC53CEEE2DFC08BE00D0BFD3 /* voiceNote */,
			);
		};
/* End PBXProject section */

/* Begin PBXResourcesBuildPhase section */
		FC53CEED2DFC08BE00D0BFD3 /* Resources */ = {
			isa = PBXResourcesBuildPhase;
			buildActionMask = 2147483647;
			files = (
				FCA176FA2E02D9E000D70FF5 /* GoogleService-Info.plist in Resources */,
				FC53CEFA2DFC08C100D0BFD3 /* Preview Assets.xcassets in Resources */,
				FC53CEF72DFC08C100D0BFD3 /* Assets.xcassets in Resources */,
			);
			runOnlyForDeploymentPostprocessing = 0;
		};
/* End PBXResourcesBuildPhase section */

/* Begin PBXSourcesBuildPhase section */
		FC53CEEB2DFC08BE00D0BFD3 /* Sources */ = {
			isa = PBXSourcesBuildPhase;
			buildActionMask = 2147483647;
			files = (
				FC53CF182DFC0C5900D0BFD3 /* SignupView.swift in Sources */,
				FC53CF232DFC0CE000D0BFD3 /* HomeViewModel.swift in Sources */,
				FC53CF1A2DFC0C6200D0BFD3 /* LoginView.swift in Sources */,
				FCA1466E2DFC5FDB00B249CB /* TabBar.swift in Sources */,
				FC53CF1F2DFC0CAB00D0BFD3 /* RecordViewModel.swift in Sources */,
				FC53CF3D2DFC0EA900D0BFD3 /* FirebaseManager.swift in Sources */,
				FC53CEF52DFC08BE00D0BFD3 /* ContentView.swift in Sources */,
				FCA146702DFC606D00B249CB /* Tab.swift in Sources */,
				FC0200692DFD5F90002FB13F /* AudioRecorder.swift in Sources */,
				FC53CF142DFC0C4300D0BFD3 /* RecordView.swift in Sources */,
				FC53CF282DFC0D5E00D0BFD3 /* AuthService.swift in Sources */,
				FC53CF302DFC0DC800D0BFD3 /* STTService.swift in Sources */,
				FC53CF3B2DFC0E9A00D0BFD3 /* SceneDelegate.swift in Sources */,
				FC53CF392DFC0E8E00D0BFD3 /* AppDelegate.swift in Sources */,
				FC53CF2A2DFC0D6D00D0BFD3 /* FirestoreService.swift in Sources */,
				FC53CF252DFC0D3700D0BFD3 /* SignupViewModel.swift in Sources */,
				FC53CF122DFC0C2F00D0BFD3 /* DetailView.swift in Sources */,
				FC53CF2C2DFC0D7E00D0BFD3 /* StorageService.swift in Sources */,
				FC0200672DFD5EA1002FB13F /* WaveformView.swift in Sources */,
				FC53CF162DFC0C4E00D0BFD3 /* HomeView.swift in Sources */,
				FC53CF2E2DFC0D8F00D0BFD3 /* HuggingFaceService.swift in Sources */,
				FC53CEF32DFC08BE00D0BFD3 /* voiceNoteApp.swift in Sources */,
				FC53CF332DFC0DE500D0BFD3 /* Memo.swift in Sources */,
				FC53CF212DFC0CC300D0BFD3 /* LoginViewModel.swift in Sources */,
				FC53CF1D2DFC0C9F00D0BFD3 /* DetailViewModel.swift in Sources */,
				FC53CF352DFC0DEE00D0BFD3 /* User.swift in Sources */,
			);
			runOnlyForDeploymentPostprocessing = 0;
		};
/* End PBXSourcesBuildPhase section */

/* Begin XCBuildConfiguration section */
		FC53CEFB2DFC08C100D0BFD3 /* Debug */ = {
			isa = XCBuildConfiguration;
			buildSettings = {
				ALWAYS_SEARCH_USER_PATHS = NO;
				ASSETCATALOG_COMPILER_GENERATE_SWIFT_ASSET_SYMBOL_EXTENSIONS = YES;
				CLANG_ANALYZER_NONNULL = YES;
				CLANG_ANALYZER_NUMBER_OBJECT_CONVERSION = YES_AGGRESSIVE;
				CLANG_CXX_LANGUAGE_STANDARD = "gnu++20";
				CLANG_ENABLE_MODULES = YES;
				CLANG_ENABLE_OBJC_ARC = YES;
				CLANG_ENABLE_OBJC_WEAK = YES;
				CLANG_WARN_BLOCK_CAPTURE_AUTORELEASING = YES;
				CLANG_WARN_BOOL_CONVERSION = YES;
				CLANG_WARN_COMMA = YES;
				CLANG_WARN_CONSTANT_CONVERSION = YES;
				CLANG_WARN_DEPRECATED_OBJC_IMPLEMENTATIONS = YES;
				CLANG_WARN_DIRECT_OBJC_ISA_USAGE = YES_ERROR;
				CLANG_WARN_DOCUMENTATION_COMMENTS = YES;
				CLANG_WARN_EMPTY_BODY = YES;
				CLANG_WARN_ENUM_CONVERSION = YES;
				CLANG_WARN_INFINITE_RECURSION = YES;
				CLANG_WARN_INT_CONVERSION = YES;
				CLANG_WARN_NON_LITERAL_NULL_CONVERSION = YES;
				CLANG_WARN_OBJC_IMPLICIT_RETAIN_SELF = YES;
				CLANG_WARN_OBJC_LITERAL_CONVERSION = YES;
				CLANG_WARN_OBJC_ROOT_CLASS = YES_ERROR;
				CLANG_WARN_QUOTED_INCLUDE_IN_FRAMEWORK_HEADER = YES;
				CLANG_WARN_RANGE_LOOP_ANALYSIS = YES;
				CLANG_WARN_STRICT_PROTOTYPES = YES;
				CLANG_WARN_SUSPICIOUS_MOVE = YES;
				CLANG_WARN_UNGUARDED_AVAILABILITY = YES_AGGRESSIVE;
				CLANG_WARN_UNREACHABLE_CODE = YES;
				CLANG_WARN__DUPLICATE_METHOD_MATCH = YES;
				COPY_PHASE_STRIP = NO;
				DEBUG_INFORMATION_FORMAT = dwarf;
				ENABLE_STRICT_OBJC_MSGSEND = YES;
				ENABLE_TESTABILITY = YES;
				ENABLE_USER_SCRIPT_SANDBOXING = YES;
				GCC_C_LANGUAGE_STANDARD = gnu17;
				GCC_DYNAMIC_NO_PIC = NO;
				GCC_NO_COMMON_BLOCKS = YES;
				GCC_OPTIMIZATION_LEVEL = 0;
				GCC_PREPROCESSOR_DEFINITIONS = (
					"DEBUG=1",
					"$(inherited)",
				);
				GCC_WARN_64_TO_32_BIT_CONVERSION = YES;
				GCC_WARN_ABOUT_RETURN_TYPE = YES_ERROR;
				GCC_WARN_UNDECLARED_SELECTOR = YES;
				GCC_WARN_UNINITIALIZED_AUTOS = YES_AGGRESSIVE;
				GCC_WARN_UNUSED_FUNCTION = YES;
				GCC_WARN_UNUSED_VARIABLE = YES;
				IPHONEOS_DEPLOYMENT_TARGET = 17.5;
				LOCALIZATION_PREFERS_STRING_CATALOGS = YES;
				MTL_ENABLE_DEBUG_INFO = INCLUDE_SOURCE;
				MTL_FAST_MATH = YES;
				ONLY_ACTIVE_ARCH = YES;
				SDKROOT = iphoneos;
				SWIFT_ACTIVE_COMPILATION_CONDITIONS = "DEBUG $(inherited)";
				SWIFT_OPTIMIZATION_LEVEL = "-Onone";
			};
			name = Debug;
		};
		FC53CEFC2DFC08C100D0BFD3 /* Release */ = {
			isa = XCBuildConfiguration;
			buildSettings = {
				ALWAYS_SEARCH_USER_PATHS = NO;
				ASSETCATALOG_COMPILER_GENERATE_SWIFT_ASSET_SYMBOL_EXTENSIONS = YES;
				CLANG_ANALYZER_NONNULL = YES;
				CLANG_ANALYZER_NUMBER_OBJECT_CONVERSION = YES_AGGRESSIVE;
				CLANG_CXX_LANGUAGE_STANDARD = "gnu++20";
				CLANG_ENABLE_MODULES = YES;
				CLANG_ENABLE_OBJC_ARC = YES;
				CLANG_ENABLE_OBJC_WEAK = YES;
				CLANG_WARN_BLOCK_CAPTURE_AUTORELEASING = YES;
				CLANG_WARN_BOOL_CONVERSION = YES;
				CLANG_WARN_COMMA = YES;
				CLANG_WARN_CONSTANT_CONVERSION = YES;
				CLANG_WARN_DEPRECATED_OBJC_IMPLEMENTATIONS = YES;
				CLANG_WARN_DIRECT_OBJC_ISA_USAGE = YES_ERROR;
				CLANG_WARN_DOCUMENTATION_COMMENTS = YES;
				CLANG_WARN_EMPTY_BODY = YES;
				CLANG_WARN_ENUM_CONVERSION = YES;
				CLANG_WARN_INFINITE_RECURSION = YES;
				CLANG_WARN_INT_CONVERSION = YES;
				CLANG_WARN_NON_LITERAL_NULL_CONVERSION = YES;
				CLANG_WARN_OBJC_IMPLICIT_RETAIN_SELF = YES;
				CLANG_WARN_OBJC_LITERAL_CONVERSION = YES;
				CLANG_WARN_OBJC_ROOT_CLASS = YES_ERROR;
				CLANG_WARN_QUOTED_INCLUDE_IN_FRAMEWORK_HEADER = YES;
				CLANG_WARN_RANGE_LOOP_ANALYSIS = YES;
				CLANG_WARN_STRICT_PROTOTYPES = YES;
				CLANG_WARN_SUSPICIOUS_MOVE = YES;
				CLANG_WARN_UNGUARDED_AVAILABILITY = YES_AGGRESSIVE;
				CLANG_WARN_UNREACHABLE_CODE = YES;
				CLANG_WARN__DUPLICATE_METHOD_MATCH = YES;
				COPY_PHASE_STRIP = NO;
				DEBUG_INFORMATION_FORMAT = "dwarf-with-dsym";
				ENABLE_NS_ASSERTIONS = NO;
				ENABLE_STRICT_OBJC_MSGSEND = YES;
				ENABLE_USER_SCRIPT_SANDBOXING = YES;
				GCC_C_LANGUAGE_STANDARD = gnu17;
				GCC_NO_COMMON_BLOCKS = YES;
				GCC_WARN_64_TO_32_BIT_CONVERSION = YES;
				GCC_WARN_ABOUT_RETURN_TYPE = YES_ERROR;
				GCC_WARN_UNDECLARED_SELECTOR = YES;
				GCC_WARN_UNINITIALIZED_AUTOS = YES_AGGRESSIVE;
				GCC_WARN_UNUSED_FUNCTION = YES;
				GCC_WARN_UNUSED_VARIABLE = YES;
				IPHONEOS_DEPLOYMENT_TARGET = 17.5;
				LOCALIZATION_PREFERS_STRING_CATALOGS = YES;
				MTL_ENABLE_DEBUG_INFO = NO;
				MTL_FAST_MATH = YES;
				SDKROOT = iphoneos;
				SWIFT_COMPILATION_MODE = wholemodule;
				VALIDATE_PRODUCT = YES;
			};
			name = Release;
		};
		FC53CEFE2DFC08C100D0BFD3 /* Debug */ = {
			isa = XCBuildConfiguration;
			buildSettings = {
				ASSETCATALOG_COMPILER_APPICON_NAME = AppIcon;
				ASSETCATALOG_COMPILER_GLOBAL_ACCENT_COLOR_NAME = AccentColor;
				CODE_SIGN_STYLE = Automatic;
				CURRENT_PROJECT_VERSION = 1;
				DEVELOPMENT_ASSET_PATHS = "\"voiceNote/Preview Content\"";
				ENABLE_PREVIEWS = YES;
				GENERATE_INFOPLIST_FILE = YES;
				INFOPLIST_FILE = "

";
				INFOPLIST_KEY_NSMicrophoneUsageDescription = "이 앱은 음성 녹음을 위해 마이크 접근 권한이 필요합니다.";
				INFOPLIST_KEY_NSSpeechRecognitionUsageDescription = " Description\t이 앱은 음성을 텍스트로 변환하기 위해 음성 인식 권한이 필요합니다.";
				INFOPLIST_KEY_UIApplicationSceneManifest_Generation = YES;
				INFOPLIST_KEY_UIApplicationSupportsIndirectInputEvents = YES;
				INFOPLIST_KEY_UILaunchScreen_Generation = YES;
				INFOPLIST_KEY_UISupportedInterfaceOrientations_iPad = "UIInterfaceOrientationPortrait UIInterfaceOrientationPortraitUpsideDown UIInterfaceOrientationLandscapeLeft UIInterfaceOrientationLandscapeRight";
				INFOPLIST_KEY_UISupportedInterfaceOrientations_iPhone = "UIInterfaceOrientationPortrait UIInterfaceOrientationLandscapeLeft UIInterfaceOrientationLandscapeRight";
				LD_RUNPATH_SEARCH_PATHS = (
					"$(inherited)",
					"@executable_path/Frameworks",
				);
				MARKETING_VERSION = 1.0;
				PRODUCT_BUNDLE_IDENTIFIER = minju.hansung.ac.kr.voiceNote;
				PRODUCT_NAME = "$(TARGET_NAME)";
				SWIFT_EMIT_LOC_STRINGS = YES;
				SWIFT_VERSION = 5.0;
				TARGETED_DEVICE_FAMILY = "1,2";
			};
			name = Debug;
		};
		FC53CEFF2DFC08C100D0BFD3 /* Release */ = {
			isa = XCBuildConfiguration;
			buildSettings = {
				ASSETCATALOG_COMPILER_APPICON_NAME = AppIcon;
				ASSETCATALOG_COMPILER_GLOBAL_ACCENT_COLOR_NAME = AccentColor;
				CODE_SIGN_STYLE = Automatic;
				CURRENT_PROJECT_VERSION = 1;
				DEVELOPMENT_ASSET_PATHS = "\"voiceNote/Preview Content\"";
				ENABLE_PREVIEWS = YES;
				GENERATE_INFOPLIST_FILE = YES;
				INFOPLIST_FILE = "

";
				INFOPLIST_KEY_NSMicrophoneUsageDescription = "이 앱은 음성 녹음을 위해 마이크 접근 권한이 필요합니다.";
				INFOPLIST_KEY_NSSpeechRecognitionUsageDescription = " Description\t이 앱은 음성을 텍스트로 변환하기 위해 음성 인식 권한이 필요합니다.";
				INFOPLIST_KEY_UIApplicationSceneManifest_Generation = YES;
				INFOPLIST_KEY_UIApplicationSupportsIndirectInputEvents = YES;
				INFOPLIST_KEY_UILaunchScreen_Generation = YES;
				INFOPLIST_KEY_UISupportedInterfaceOrientations_iPad = "UIInterfaceOrientationPortrait UIInterfaceOrientationPortraitUpsideDown UIInterfaceOrientationLandscapeLeft UIInterfaceOrientationLandscapeRight";
				INFOPLIST_KEY_UISupportedInterfaceOrientations_iPhone = "UIInterfaceOrientationPortrait UIInterfaceOrientationLandscapeLeft UIInterfaceOrientationLandscapeRight";
				LD_RUNPATH_SEARCH_PATHS = (
					"$(inherited)",
					"@executable_path/Frameworks",
				);
				MARKETING_VERSION = 1.0;
				PRODUCT_BUNDLE_IDENTIFIER = minju.hansung.ac.kr.voiceNote;
				PRODUCT_NAME = "$(TARGET_NAME)";
				SWIFT_EMIT_LOC_STRINGS = YES;
				SWIFT_VERSION = 5.0;
				TARGETED_DEVICE_FAMILY = "1,2";
			};
			name = Release;
		};
/* End XCBuildConfiguration section */

/* Begin XCConfigurationList section */
		FC53CEEA2DFC08BE00D0BFD3 /* Build configuration list for PBXProject "voiceNote" */ = {
			isa = XCConfigurationList;
			buildConfigurations = (
				FC53CEFB2DFC08C100D0BFD3 /* Debug */,
				FC53CEFC2DFC08C100D0BFD3 /* Release */,
			);
			defaultConfigurationIsVisible = 0;
			defaultConfigurationName = Release;
		};
		FC53CEFD2DFC08C100D0BFD3 /* Build configuration list for PBXNativeTarget "voiceNote" */ = {
			isa = XCConfigurationList;
			buildConfigurations = (
				FC53CEFE2DFC08C100D0BFD3 /* Debug */,
				FC53CEFF2DFC08C100D0BFD3 /* Release */,
			);
			defaultConfigurationIsVisible = 0;
			defaultConfigurationName = Release;
		};
/* End XCConfigurationList section */

/* Begin XCRemoteSwiftPackageReference section */
		FC02006C2DFD6722002FB13F /* XCRemoteSwiftPackageReference "firebase-ios-sdk" */ = {
			isa = XCRemoteSwiftPackageReference;
			repositoryURL = "https://github.com/firebase/firebase-ios-sdk";
			requirement = {
				kind = exactVersion;
				version = 10.24.0;
			};
		};
/* End XCRemoteSwiftPackageReference section */

/* Begin XCSwiftPackageProductDependency section */
		FC02006D2DFD6722002FB13F /* FirebaseAuth */ = {
			isa = XCSwiftPackageProductDependency;
			package = FC02006C2DFD6722002FB13F /* XCRemoteSwiftPackageReference "firebase-ios-sdk" */;
			productName = FirebaseAuth;
		};
		FC02006F2DFD6722002FB13F /* FirebaseFirestore */ = {
			isa = XCSwiftPackageProductDependency;
			package = FC02006C2DFD6722002FB13F /* XCRemoteSwiftPackageReference "firebase-ios-sdk" */;
			productName = FirebaseFirestore;
		};
		FC0200712DFD6722002FB13F /* FirebaseStorage */ = {
			isa = XCSwiftPackageProductDependency;
			package = FC02006C2DFD6722002FB13F /* XCRemoteSwiftPackageReference "firebase-ios-sdk" */;
			productName = FirebaseStorage;
		};
/* End XCSwiftPackageProductDependency section */
	};
	rootObject = FC53CEE72DFC08BE00D0BFD3 /* Project object */;
}
